
Microsoft Visual Studio Solution File, Format Version 12.00
# Visual Studio Version 17
VisualStudioVersion = 17.9.34616.47
MinimumVisualStudioVersion = 10.0.40219.1
Project("{FAE04EC0-301F-11D3-BF4B-00C04F79EFBC}") = "CSDDSLoader", "CSDDSLoader.csproj", "{F4E1F711-5EE8-4476-BEE7-9AF46CEBB02D}"
EndProject
Global
	GlobalSection(SolutionConfigurationPlatforms) = preSolution
		Debug|Any CPU = Debug|Any CPU
		Release|Any CPU = Release|Any CPU
	EndGlobalSection
	GlobalSection(ProjectConfigurationPlatforms) = postSolution
		{F4E1F711-5EE8-4476-BEE7-9AF46CEBB02D}.Debug|Any CPU.ActiveCfg = Debug|Any CPU
		{F4E1F711-5EE8-4476-BEE7-9AF46CEBB02D}.Debug|Any CPU.Build.0 = Debug|Any CPU
		{F4E1F711-5EE8-4476-BEE7-9AF46CEBB02D}.Release|Any CPU.ActiveCfg = Release|Any CPU
		{F4E1F711-5EE8-4476-BEE7-9AF46CEBB02D}.Release|Any CPU.Build.0 = Release|Any CPU
	EndGlobalSection
	GlobalSection(SolutionProperties) = preSolution
		HideSolutionNode = FALSE
	EndGlobalSection
	GlobalSection(ExtensibilityGlobals) = postSolution
		SolutionGuid = {FE228CA5-E7AA-4198-99F8-2163E9D6F83D}
	EndGlobalSection
EndGlobal
